
Microsoft Visual Studio Solution File, Format Version 12.00
# Visual Studio Version 17
VisualStudioVersion = 17.8.34511.84
MinimumVisualStudioVersion = 10.0.40219.1
Project("{FAE04EC0-301F-11D3-BF4B-00C04F79EFBC}") = "PosVideos", "PosVideos\PosVideos.csproj", "{07364117-E21D-4E0E-B7E8-CFC059981109}"
EndProject
Project("{FAE04EC0-301F-11D3-BF4B-00C04F79EFBC}") = "PosVideosCore", "PosVideosCore\PosVideosCore.csproj", "{4E19181E-346E-49FF-BEB9-699CE85F1532}"
EndProject
Project("{FAE04EC0-301F-11D3-BF4B-00C04F79EFBC}") = "ProcessarVideo", "ProcessarVideo\ProcessarVideo.csproj", "{C09DA436-580C-4D0B-9537-2099E72AE7B3}"
EndProject
Project("{FAE04EC0-301F-11D3-BF4B-00C04F79EFBC}") = "PosVideosTest", "PosVideosTest\PosVideosTest.csproj", "{3852E693-0045-42D2-B046-49CF62D5338B}"
EndProject
Project("{FAE04EC0-301F-11D3-BF4B-00C04F79EFBC}") = "ProcessarVideoTest", "ProcessarVideoTest\ProcessarVideoTest.csproj", "{7DC71198-E44B-4FA2-9B2F-50433259A723}"
EndProject
Global
	GlobalSection(SolutionConfigurationPlatforms) = preSolution
		Debug|Any CPU = Debug|Any CPU
		Release|Any CPU = Release|Any CPU
	EndGlobalSection
	GlobalSection(ProjectConfigurationPlatforms) = postSolution
		{07364117-E21D-4E0E-B7E8-CFC059981109}.Debug|Any CPU.ActiveCfg = Debug|Any CPU
		{07364117-E21D-4E0E-B7E8-CFC059981109}.Debug|Any CPU.Build.0 = Debug|Any CPU
		{07364117-E21D-4E0E-B7E8-CFC059981109}.Release|Any CPU.ActiveCfg = Release|Any CPU
		{07364117-E21D-4E0E-B7E8-CFC059981109}.Release|Any CPU.Build.0 = Release|Any CPU
		{4E19181E-346E-49FF-BEB9-699CE85F1532}.Debug|Any CPU.ActiveCfg = Debug|Any CPU
		{4E19181E-346E-49FF-BEB9-699CE85F1532}.Debug|Any CPU.Build.0 = Debug|Any CPU
		{4E19181E-346E-49FF-BEB9-699CE85F1532}.Release|Any CPU.ActiveCfg = Release|Any CPU
		{4E19181E-346E-49FF-BEB9-699CE85F1532}.Release|Any CPU.Build.0 = Release|Any CPU
		{C09DA436-580C-4D0B-9537-2099E72AE7B3}.Debug|Any CPU.ActiveCfg = Debug|Any CPU
		{C09DA436-580C-4D0B-9537-2099E72AE7B3}.Debug|Any CPU.Build.0 = Debug|Any CPU
		{C09DA436-580C-4D0B-9537-2099E72AE7B3}.Release|Any CPU.ActiveCfg = Release|Any CPU
		{C09DA436-580C-4D0B-9537-2099E72AE7B3}.Release|Any CPU.Build.0 = Release|Any CPU
		{3852E693-0045-42D2-B046-49CF62D5338B}.Debug|Any CPU.ActiveCfg = Debug|Any CPU
		{3852E693-0045-42D2-B046-49CF62D5338B}.Debug|Any CPU.Build.0 = Debug|Any CPU
		{3852E693-0045-42D2-B046-49CF62D5338B}.Release|Any CPU.ActiveCfg = Release|Any CPU
		{3852E693-0045-42D2-B046-49CF62D5338B}.Release|Any CPU.Build.0 = Release|Any CPU
		{7DC71198-E44B-4FA2-9B2F-50433259A723}.Debug|Any CPU.ActiveCfg = Debug|Any CPU
		{7DC71198-E44B-4FA2-9B2F-50433259A723}.Debug|Any CPU.Build.0 = Debug|Any CPU
		{7DC71198-E44B-4FA2-9B2F-50433259A723}.Release|Any CPU.ActiveCfg = Release|Any CPU
		{7DC71198-E44B-4FA2-9B2F-50433259A723}.Release|Any CPU.Build.0 = Release|Any CPU
	EndGlobalSection
	GlobalSection(SolutionProperties) = preSolution
		HideSolutionNode = FALSE
	EndGlobalSection
	GlobalSection(ExtensibilityGlobals) = postSolution
		SolutionGuid = {2C359132-68E3-4686-9EE1-AD49B6F78892}
	EndGlobalSection
EndGlobal
